
Microsoft Visual Studio Solution File, Format Version 12.00
# Visual Studio Version 17
VisualStudioVersion = 17.14.36414.22 d17.14
MinimumVisualStudioVersion = 10.0.40219.1
Project("{FAE04EC0-301F-11D3-BF4B-00C04F79EFBC}") = "Task2", "Task2\Task2.csproj", "{3A2B7D32-ACEF-4AA9-A56A-AD0F68D218AB}"
EndProject
Global
	GlobalSection(SolutionConfigurationPlatforms) = preSolution
		Debug|Any CPU = Debug|Any CPU
		Release|Any CPU = Release|Any CPU
	EndGlobalSection
	GlobalSection(ProjectConfigurationPlatforms) = postSolution
		{3A2B7D32-ACEF-4AA9-A56A-AD0F68D218AB}.Debug|Any CPU.ActiveCfg = Debug|Any CPU
		{3A2B7D32-ACEF-4AA9-A56A-AD0F68D218AB}.Debug|Any CPU.Build.0 = Debug|Any CPU
		{3A2B7D32-ACEF-4AA9-A56A-AD0F68D218AB}.Release|Any CPU.ActiveCfg = Release|Any CPU
		{3A2B7D32-ACEF-4AA9-A56A-AD0F68D218AB}.Release|Any CPU.Build.0 = Release|Any CPU
	EndGlobalSection
	GlobalSection(SolutionProperties) = preSolution
		HideSolutionNode = FALSE
	EndGlobalSection
	GlobalSection(ExtensibilityGlobals) = postSolution
		SolutionGuid = {33E11A7C-31A8-43CE-A392-64B5D8957322}
	EndGlobalSection
EndGlobal
